// !$*UTF8*$!
{
	archiveVersion = 1;
	classes = {
	};
	objectVersion = 46;
	objects = {

/* Begin PBXBuildFile section */
		2F5F695B1BD75FB800B19D8B /* main.m in Sources */ = {isa = PBXBuildFile; fileRef = 2F5F695A1BD75FB800B19D8B /* main.m */; };
		2F5F695E1BD75FB800B19D8B /* AppDelegate.m in Sources */ = {isa = PBXBuildFile; fileRef = 2F5F695D1BD75FB800B19D8B /* AppDelegate.m */; };
		2F5F69611BD75FB800B19D8B /* ViewController.m in Sources */ = {isa = PBXBuildFile; fileRef = 2F5F69601BD75FB800B19D8B /* ViewController.m */; };
		2F5F69641BD75FB800B19D8B /* Main.storyboard in Resources */ = {isa = PBXBuildFile; fileRef = 2F5F69621BD75FB800B19D8B /* Main.storyboard */; };
		2F5F69661BD75FB800B19D8B /* Assets.xcassets in Resources */ = {isa = PBXBuildFile; fileRef = 2F5F69651BD75FB800B19D8B /* Assets.xcassets */; };
		2F5F69691BD75FB800B19D8B /* LaunchScreen.storyboard in Resources */ = {isa = PBXBuildFile; fileRef = 2F5F69671BD75FB800B19D8B /* LaunchScreen.storyboard */; };
		2F5F69741BD75FB800B19D8B /* MultipleChoiceDemoTests.m in Sources */ = {isa = PBXBuildFile; fileRef = 2F5F69731BD75FB800B19D8B /* MultipleChoiceDemoTests.m */; };
		2F5F697F1BD75FB800B19D8B /* MultipleChoiceDemoUITests.m in Sources */ = {isa = PBXBuildFile; fileRef = 2F5F697E1BD75FB800B19D8B /* MultipleChoiceDemoUITests.m */; };
		2F5F698E1BD7604300B19D8B /* MyModel.m in Sources */ = {isa = PBXBuildFile; fileRef = 2F5F698D1BD7604300B19D8B /* MyModel.m */; settings = {ASSET_TAGS = (); }; };
		2F5F69911BD7608C00B19D8B /* MyTableViewCell.m in Sources */ = {isa = PBXBuildFile; fileRef = 2F5F69901BD7608C00B19D8B /* MyTableViewCell.m */; settings = {ASSET_TAGS = (); }; };
/* End PBXBuildFile section */

/* Begin PBXContainerItemProxy section */
		2F5F69701BD75FB800B19D8B /* PBXContainerItemProxy */ = {
			isa = PBXContainerItemProxy;
			containerPortal = 2F5F694E1BD75FB800B19D8B /* Project object */;
			proxyType = 1;
			remoteGlobalIDString = 2F5F69551BD75FB800B19D8B;
			remoteInfo = MultipleChoiceDemo;
		};
		2F5F697B1BD75FB800B19D8B /* PBXContainerItemProxy */ = {
			isa = PBXContainerItemProxy;
			containerPortal = 2F5F694E1BD75FB800B19D8B /* Project object */;
			proxyType = 1;
			remoteGlobalIDString = 2F5F69551BD75FB800B19D8B;
			remoteInfo = MultipleChoiceDemo;
		};
/* End PBXContainerItemProxy section */

/* Begin PBXFileReference section */
		2F5F69561BD75FB800B19D8B /* MultipleChoiceDemo.app */ = {isa = PBXFileReference; explicitFileType = wrapper.application; includeInIndex = 0; path = MultipleChoiceDemo.app; sourceTree = BUILT_PRODUCTS_DIR; };
		2F5F695A1BD75FB800B19D8B /* main.m */ = {isa = PBXFileReference; lastKnownFileType = sourcecode.c.objc; path = main.m; sourceTree = "<group>"; };
		2F5F695C1BD75FB800B19D8B /* AppDelegate.h */ = {isa = PBXFileReference; lastKnownFileType = sourcecode.c.h; path = AppDelegate.h; sourceTree = "<group>"; };
		2F5F695D1BD75FB800B19D8B /* AppDelegate.m */ = {isa = PBXFileReference; lastKnownFileType = sourcecode.c.objc; path = AppDelegate.m; sourceTree = "<group>"; };
		2F5F695F1BD75FB800B19D8B /* ViewController.h */ = {isa = PBXFileReference; lastKnownFileType = sourcecode.c.h; path = ViewController.h; sourceTree = "<group>"; };
		2F5F69601BD75FB800B19D8B /* ViewController.m */ = {isa = PBXFileReference; lastKnownFileType = sourcecode.c.objc; path = ViewController.m; sourceTree = "<group>"; };
		2F5F69631BD75FB800B19D8B /* Base */ = {isa = PBXFileReference; lastKnownFileType = file.storyboard; name = Base; path = Base.lproj/Main.storyboard; sourceTree = "<group>"; };
		2F5F69651BD75FB800B19D8B /* Assets.xcassets */ = {isa = PBXFileReference; lastKnownFileType = folder.assetcatalog; path = Assets.xcassets; sourceTree = "<group>"; };
		2F5F69681BD75FB800B19D8B /* Base */ = {isa = PBXFileReference; lastKnownFileType = file.storyboard; name = Base; path = Base.lproj/LaunchScreen.storyboard; sourceTree = "<group>"; };
		2F5F696A1BD75FB800B19D8B /* Info.plist */ = {isa = PBXFileReference; lastKnownFileType = text.plist.xml; path = Info.plist; sourceTree = "<group>"; };
		2F5F696F1BD75FB800B19D8B /* MultipleChoiceDemoTests.xctest */ = {isa = PBXFileReference; explicitFileType = wrapper.cfbundle; includeInIndex = 0; path = MultipleChoiceDemoTests.xctest; sourceTree = BUILT_PRODUCTS_DIR; };
		2F5F69731BD75FB800B19D8B /* MultipleChoiceDemoTests.m */ = {isa = PBXFileReference; lastKnownFileType = sourcecode.c.objc; path = MultipleChoiceDemoTests.m; sourceTree = "<group>"; };
		2F5F69751BD75FB800B19D8B /* Info.plist */ = {isa = PBXFileReference; lastKnownFileType = text.plist.xml; path = Info.plist; sourceTree = "<group>"; };
		2F5F697A1BD75FB800B19D8B /* MultipleChoiceDemoUITests.xctest */ = {isa = PBXFileReference; explicitFileType = wrapper.cfbundle; includeInIndex = 0; path = MultipleChoiceDemoUITests.xctest; sourceTree = BUILT_PRODUCTS_DIR; };
		2F5F697E1BD75FB800B19D8B /* MultipleChoiceDemoUITests.m */ = {isa = PBXFileReference; lastKnownFileType = sourcecode.c.objc; path = MultipleChoiceDemoUITests.m; sourceTree = "<group>"; };
		2F5F69801BD75FB800B19D8B /* Info.plist */ = {isa = PBXFileReference; lastKnownFileType = text.plist.xml; path = Info.plist; sourceTree = "<group>"; };
		2F5F698C1BD7604300B19D8B /* MyModel.h */ = {isa = PBXFileReference; fileEncoding = 4; lastKnownFileType = sourcecode.c.h; path = MyModel.h; sourceTree = "<group>"; };
		2F5F698D1BD7604300B19D8B /* MyModel.m */ = {isa = PBXFileReference; fileEncoding = 4; lastKnownFileType = sourcecode.c.objc; path = MyModel.m; sourceTree = "<group>"; };
		2F5F698F1BD7608C00B19D8B /* MyTableViewCell.h */ = {isa = PBXFileReference; fileEncoding = 4; lastKnownFileType = sourcecode.c.h; path = MyTableViewCell.h; sourceTree = "<group>"; };
		2F5F69901BD7608C00B19D8B /* MyTableViewCell.m */ = {isa = PBXFileReference; fileEncoding = 4; lastKnownFileType = sourcecode.c.objc; path = MyTableViewCell.m; sourceTree = "<group>"; };
/* End PBXFileReference section */

/* Begin PBXFrameworksBuildPhase section */
		2F5F69531BD75FB800B19D8B /* Frameworks */ = {
			isa = PBXFrameworksBuildPhase;
			buildActionMask = 2147483647;
			files = (
			);
			runOnlyForDeploymentPostprocessing = 0;
		};
		2F5F696C1BD75FB800B19D8B /* Frameworks */ = {
			isa = PBXFrameworksBuildPhase;
			buildActionMask = 2147483647;
			files = (
			);
			runOnlyForDeploymentPostprocessing = 0;
		};
		2F5F69771BD75FB800B19D8B /* Frameworks */ = {
			isa = PBXFrameworksBuildPhase;
			buildActionMask = 2147483647;
			files = (
			);
			runOnlyForDeploymentPostprocessing = 0;
		};
/* End PBXFrameworksBuildPhase section */

/* Begin PBXGroup section */
		2F5F694D1BD75FB800B19D8B = {
			isa = PBXGroup;
			children = (
				2F5F69581BD75FB800B19D8B /* MultipleChoiceDemo */,
				2F5F69721BD75FB800B19D8B /* MultipleChoiceDemoTests */,
				2F5F697D1BD75FB800B19D8B /* MultipleChoiceDemoUITests */,
				2F5F69571BD75FB800B19D8B /* Products */,
			);
			sourceTree = "<group>";
		};
		2F5F69571BD75FB800B19D8B /* Products */ = {
			isa = PBXGroup;
			children = (
				2F5F69561BD75FB800B19D8B /* MultipleChoiceDemo.app */,
				2F5F696F1BD75FB800B19D8B /* MultipleChoiceDemoTests.xctest */,
				2F5F697A1BD75FB800B19D8B /* MultipleChoiceDemoUITests.xctest */,
			);
			name = Products;
			sourceTree = "<group>";
		};
		2F5F69581BD75FB800B19D8B /* MultipleChoiceDemo */ = {
			isa = PBXGroup;
			children = (
				2F5F695C1BD75FB800B19D8B /* AppDelegate.h */,
				2F5F695D1BD75FB800B19D8B /* AppDelegate.m */,
				2F5F695F1BD75FB800B19D8B /* ViewController.h */,
				2F5F69601BD75FB800B19D8B /* ViewController.m */,
				2F5F698C1BD7604300B19D8B /* MyModel.h */,
				2F5F698D1BD7604300B19D8B /* MyModel.m */,
				2F5F698F1BD7608C00B19D8B /* MyTableViewCell.h */,
				2F5F69901BD7608C00B19D8B /* MyTableViewCell.m */,
				2F5F69621BD75FB800B19D8B /* Main.storyboard */,
				2F5F69651BD75FB800B19D8B /* Assets.xcassets */,
				2F5F69671BD75FB800B19D8B /* LaunchScreen.storyboard */,
				2F5F696A1BD75FB800B19D8B /* Info.plist */,
				2F5F69591BD75FB800B19D8B /* Supporting Files */,
			);
			path = MultipleChoiceDemo;
			sourceTree = "<group>";
		};
		2F5F69591BD75FB800B19D8B /* Supporting Files */ = {
			isa = PBXGroup;
			children = (
				2F5F695A1BD75FB800B19D8B /* main.m */,
			);
			name = "Supporting Files";
			sourceTree = "<group>";
		};
		2F5F69721BD75FB800B19D8B /* MultipleChoiceDemoTests */ = {
			isa = PBXGroup;
			children = (
				2F5F69731BD75FB800B19D8B /* MultipleChoiceDemoTests.m */,
				2F5F69751BD75FB800B19D8B /* Info.plist */,
			);
			path = MultipleChoiceDemoTests;
			sourceTree = "<group>";
		};
		2F5F697D1BD75FB800B19D8B /* MultipleChoiceDemoUITests */ = {
			isa = PBXGroup;
			children = (
				2F5F697E1BD75FB800B19D8B /* MultipleChoiceDemoUITests.m */,
				2F5F69801BD75FB800B19D8B /* Info.plist */,
			);
			path = MultipleChoiceDemoUITests;
			sourceTree = "<group>";
		};
/* End PBXGroup section */

/* Begin PBXNativeTarget section */
		2F5F69551BD75FB800B19D8B /* MultipleChoiceDemo */ = {
			isa = PBXNativeTarget;
			buildConfigurationList = 2F5F69831BD75FB800B19D8B /* Build configuration list for PBXNativeTarget "MultipleChoiceDemo" */;
			buildPhases = (
				2F5F69521BD75FB800B19D8B /* Sources */,
				2F5F69531BD75FB800B19D8B /* Frameworks */,
				2F5F69541BD75FB800B19D8B /* Resources */,
			);
			buildRules = (
			);
			dependencies = (
			);
			name = MultipleChoiceDemo;
			productName = MultipleChoiceDemo;
			productReference = 2F5F69561BD75FB800B19D8B /* MultipleChoiceDemo.app */;
			productType = "com.apple.product-type.application";
		};
		2F5F696E1BD75FB800B19D8B /* MultipleChoiceDemoTests */ = {
			isa = PBXNativeTarget;
			buildConfigurationList = 2F5F69861BD75FB800B19D8B /* Build configuration list for PBXNativeTarget "MultipleChoiceDemoTests" */;
			buildPhases = (
				2F5F696B1BD75FB800B19D8B /* Sources */,
				2F5F696C1BD75FB800B19D8B /* Frameworks */,
				2F5F696D1BD75FB800B19D8B /* Resources */,
			);
			buildRules = (
			);
			dependencies = (
				2F5F69711BD75FB800B19D8B /* PBXTargetDependency */,
			);
			name = MultipleChoiceDemoTests;
			productName = MultipleChoiceDemoTests;
			productReference = 2F5F696F1BD75FB800B19D8B /* MultipleChoiceDemoTests.xctest */;
			productType = "com.apple.product-type.bundle.unit-test";
		};
		2F5F69791BD75FB800B19D8B /* MultipleChoiceDemoUITests */ = {
			isa = PBXNativeTarget;
			buildConfigurationList = 2F5F69891BD75FB800B19D8B /* Build configuration list for PBXNativeTarget "MultipleChoiceDemoUITests" */;
			buildPhases = (
				2F5F69761BD75FB800B19D8B /* Sources */,
				2F5F69771BD75FB800B19D8B /* Frameworks */,
				2F5F69781BD75FB800B19D8B /* Resources */,
			);
			buildRules = (
			);
			dependencies = (
				2F5F697C1BD75FB800B19D8B /* PBXTargetDependency */,
			);
			name = MultipleChoiceDemoUITests;
			productName = MultipleChoiceDemoUITests;
			productReference = 2F5F697A1BD75FB800B19D8B /* MultipleChoiceDemoUITests.xctest */;
			productType = "com.apple.product-type.bundle.ui-testing";
		};
/* End PBXNativeTarget section */

/* Begin PBXProject section */
		2F5F694E1BD75FB800B19D8B /* Project object */ = {
			isa = PBXProject;
			attributes = {
				LastUpgradeCheck = 0700;
				ORGANIZATIONNAME = "以撒网";
				TargetAttributes = {
					2F5F69551BD75FB800B19D8B = {
						CreatedOnToolsVersion = 7.0.1;
					};
					2F5F696E1BD75FB800B19D8B = {
						CreatedOnToolsVersion = 7.0.1;
						TestTargetID = 2F5F69551BD75FB800B19D8B;
					};
					2F5F69791BD75FB800B19D8B = {
						CreatedOnToolsVersion = 7.0.1;
						TestTargetID = 2F5F69551BD75FB800B19D8B;
					};
				};
			};
			buildConfigurationList = 2F5F69511BD75FB800B19D8B /* Build configuration list for PBXProject "MultipleChoiceDemo" */;
			compatibilityVersion = "Xcode 3.2";
			developmentRegion = English;
			hasScannedForEncodings = 0;
			knownRegions = (
				en,
				Base,
			);
			mainGroup = 2F5F694D1BD75FB800B19D8B;
			productRefGroup = 2F5F69571BD75FB800B19D8B /* Products */;
			projectDirPath = "";
			projectRoot = "";
			targets = (
				2F5F69551BD75FB800B19D8B /* MultipleChoiceDemo */,
				2F5F696E1BD75FB800B19D8B /* MultipleChoiceDemoTests */,
				2F5F69791BD75FB800B19D8B /* MultipleChoiceDemoUITests */,
			);
		};
/* End PBXProject section */

/* Begin PBXResourcesBuildPhase section */
		2F5F69541BD75FB800B19D8B /* Resources */ = {
			isa = PBXResourcesBuildPhase;
			buildActionMask = 2147483647;
			files = (
				2F5F69691BD75FB800B19D8B /* LaunchScreen.storyboard in Resources */,
				2F5F69661BD75FB800B19D8B /* Assets.xcassets in Resources */,
				2F5F69641BD75FB800B19D8B /* Main.storyboard in Resources */,
			);
			runOnlyForDeploymentPostprocessing = 0;
		};
		2F5F696D1BD75FB800B19D8B /* Resources */ = {
			isa = PBXResourcesBuildPhase;
			buildActionMask = 2147483647;
			files = (
			);
			runOnlyForDeploymentPostprocessing = 0;
		};
		2F5F69781BD75FB800B19D8B /* Resources */ = {
			isa = PBXResourcesBuildPhase;
			buildActionMask = 2147483647;
			files = (
			);
			runOnlyForDeploymentPostprocessing = 0;
		};
/* End PBXResourcesBuildPhase section */

/* Begin PBXSourcesBuildPhase section */
		2F5F69521BD75FB800B19D8B /* Sources */ = {
			isa = PBXSourcesBuildPhase;
			buildActionMask = 2147483647;
			files = (
				2F5F69611BD75FB800B19D8B /* ViewController.m in Sources */,
				2F5F695E1BD75FB800B19D8B /* AppDelegate.m in Sources */,
				2F5F695B1BD75FB800B19D8B /* main.m in Sources */,
				2F5F698E1BD7604300B19D8B /* MyModel.m in Sources */,
				2F5F69911BD7608C00B19D8B /* MyTableViewCell.m in Sources */,
			);
			runOnlyForDeploymentPostprocessing = 0;
		};
		2F5F696B1BD75FB800B19D8B /* Sources */ = {
			isa = PBXSourcesBuildPhase;
			buildActionMask = 2147483647;
			files = (
				2F5F69741BD75FB800B19D8B /* MultipleChoiceDemoTests.m in Sources */,
			);
			runOnlyForDeploymentPostprocessing = 0;
		};
		2F5F69761BD75FB800B19D8B /* Sources */ = {
			isa = PBXSourcesBuildPhase;
			buildActionMask = 2147483647;
			files = (
				2F5F697F1BD75FB800B19D8B /* MultipleChoiceDemoUITests.m in Sources */,
			);
			runOnlyForDeploymentPostprocessing = 0;
		};
/* End PBXSourcesBuildPhase section */

/* Begin PBXTargetDependency section */
		2F5F69711BD75FB800B19D8B /* PBXTargetDependency */ = {
			isa = PBXTargetDependency;
			target = 2F5F69551BD75FB800B19D8B /* MultipleChoiceDemo */;
			targetProxy = 2F5F69701BD75FB800B19D8B /* PBXContainerItemProxy */;
		};
		2F5F697C1BD75FB800B19D8B /* PBXTargetDependency */ = {
			isa = PBXTargetDependency;
			target = 2F5F69551BD75FB800B19D8B /* MultipleChoiceDemo */;
			targetProxy = 2F5F697B1BD75FB800B19D8B /* PBXContainerItemProxy */;
		};
/* End PBXTargetDependency section */

/* Begin PBXVariantGroup section */
		2F5F69621BD75FB800B19D8B /* Main.storyboard */ = {
			isa = PBXVariantGroup;
			children = (
				2F5F69631BD75FB800B19D8B /* Base */,
			);
			name = Main.storyboard;
			sourceTree = "<group>";
		};
		2F5F69671BD75FB800B19D8B /* LaunchScreen.storyboard */ = {
			isa = PBXVariantGroup;
			children = (
				2F5F69681BD75FB800B19D8B /* Base */,
			);
			name = LaunchScreen.storyboard;
			sourceTree = "<group>";
		};
/* End PBXVariantGroup section */

/* Begin XCBuildConfiguration section */
		2F5F69811BD75FB800B19D8B /* Debug */ = {
			isa = XCBuildConfiguration;
			buildSettings = {
				ALWAYS_SEARCH_USER_PATHS = NO;
				CLANG_CXX_LANGUAGE_STANDARD = "gnu++0x";
				CLANG_CXX_LIBRARY = "libc++";
				CLANG_ENABLE_MODULES = YES;
				CLANG_ENABLE_OBJC_ARC = YES;
				CLANG_WARN_BOOL_CONVERSION = YES;
				CLANG_WARN_CONSTANT_CONVERSION = YES;
				CLANG_WARN_DIRECT_OBJC_ISA_USAGE = YES_ERROR;
				CLANG_WARN_EMPTY_BODY = YES;
				CLANG_WARN_ENUM_CONVERSION = YES;
				CLANG_WARN_INT_CONVERSION = YES;
				CLANG_WARN_OBJC_ROOT_CLASS = YES_ERROR;
				CLANG_WARN_UNREACHABLE_CODE = YES;
				CLANG_WARN__DUPLICATE_METHOD_MATCH = YES;
				"CODE_SIGN_IDENTITY[sdk=iphoneos*]" = "iPhone Developer";
				COPY_PHASE_STRIP = NO;
				DEBUG_INFORMATION_FORMAT = dwarf;
				ENABLE_STRICT_OBJC_MSGSEND = YES;
				ENABLE_TESTABILITY = YES;
				GCC_C_LANGUAGE_STANDARD = gnu99;
				GCC_DYNAMIC_NO_PIC = NO;
				GCC_NO_COMMON_BLOCKS = YES;
				GCC_OPTIMIZATION_LEVEL = 0;
				GCC_PREPROCESSOR_DEFINITIONS = (
					"DEBUG=1",
					"$(inherited)",
				);
				GCC_WARN_64_TO_32_BIT_CONVERSION = YES;
				GCC_WARN_ABOUT_RETURN_TYPE = YES_ERROR;
				GCC_WARN_UNDECLARED_SELECTOR = YES;
				GCC_WARN_UNINITIALIZED_AUTOS = YES_AGGRESSIVE;
				GCC_WARN_UNUSED_FUNCTION = YES;
				GCC_WARN_UNUSED_VARIABLE = YES;
				IPHONEOS_DEPLOYMENT_TARGET = 9.0;
				MTL_ENABLE_DEBUG_INFO = YES;
				ONLY_ACTIVE_ARCH = YES;
				SDKROOT = iphoneos;
				TARGETED_DEVICE_FAMILY = "1,2";
			};
			name = Debug;
		};
		2F5F69821BD75FB800B19D8B /* Release */ = {
			isa = XCBuildConfiguration;
			buildSettings = {
				ALWAYS_SEARCH_USER_PATHS = NO;
				CLANG_CXX_LANGUAGE_STANDARD = "gnu++0x";
				CLANG_CXX_LIBRARY = "libc++";
				CLANG_ENABLE_MODULES = YES;
				CLANG_ENABLE_OBJC_ARC = YES;
				CLANG_WARN_BOOL_CONVERSION = YES;
				CLANG_WARN_CONSTANT_CONVERSION = YES;
				CLANG_WARN_DIRECT_OBJC_ISA_USAGE = YES_ERROR;
				CLANG_WARN_EMPTY_BODY = YES;
				CLANG_WARN_ENUM_CONVERSION = YES;
				CLANG_WARN_INT_CONVERSION = YES;
				CLANG_WARN_OBJC_ROOT_CLASS = YES_ERROR;
				CLANG_WARN_UNREACHABLE_CODE = YES;
				CLANG_WARN__DUPLICATE_METHOD_MATCH = YES;
				"CODE_SIGN_IDENTITY[sdk=iphoneos*]" = "iPhone Developer";
				COPY_PHASE_STRIP = NO;
				DEBUG_INFORMATION_FORMAT = "dwarf-with-dsym";
				ENABLE_NS_ASSERTIONS = NO;
				ENABLE_STRICT_OBJC_MSGSEND = YES;
				GCC_C_LANGUAGE_STANDARD = gnu99;
				GCC_NO_COMMON_BLOCKS = YES;
				GCC_WARN_64_TO_32_BIT_CONVERSION = YES;
				GCC_WARN_ABOUT_RETURN_TYPE = YES_ERROR;
				GCC_WARN_UNDECLARED_SELECTOR = YES;
				GCC_WARN_UNINITIALIZED_AUTOS = YES_AGGRESSIVE;
				GCC_WARN_UNUSED_FUNCTION = YES;
				GCC_WARN_UNUSED_VARIABLE = YES;
				IPHONEOS_DEPLOYMENT_TARGET = 9.0;
				MTL_ENABLE_DEBUG_INFO = NO;
				SDKROOT = iphoneos;
				TARGETED_DEVICE_FAMILY = "1,2";
				VALIDATE_PRODUCT = YES;
			};
			name = Release;
		};
		2F5F69841BD75FB800B19D8B /* Debug */ = {
			isa = XCBuildConfiguration;
			buildSettings = {
				ASSETCATALOG_COMPILER_APPICON_NAME = AppIcon;
				INFOPLIST_FILE = MultipleChoiceDemo/Info.plist;
				LD_RUNPATH_SEARCH_PATHS = "$(inherited) @executable_path/Frameworks";
				PRODUCT_BUNDLE_IDENTIFIER = com.YiSa.MultipleChoiceDemo;
				PRODUCT_NAME = "$(TARGET_NAME)";
			};
			name = Debug;
		};
		2F5F69851BD75FB800B19D8B /* Release */ = {
			isa = XCBuildConfiguration;
			buildSettings = {
				ASSETCATALOG_COMPILER_APPICON_NAME = AppIcon;
				INFOPLIST_FILE = MultipleChoiceDemo/Info.plist;
				LD_RUNPATH_SEARCH_PATHS = "$(inherited) @executable_path/Frameworks";
				PRODUCT_BUNDLE_IDENTIFIER = com.YiSa.MultipleChoiceDemo;
				PRODUCT_NAME = "$(TARGET_NAME)";
			};
			name = Release;
		};
		2F5F69871BD75FB800B19D8B /* Debug */ = {
			isa = XCBuildConfiguration;
			buildSettings = {
				BUNDLE_LOADER = "$(TEST_HOST)";
				INFOPLIST_FILE = MultipleChoiceDemoTests/Info.plist;
				LD_RUNPATH_SEARCH_PATHS = "$(inherited) @executable_path/Frameworks @loader_path/Frameworks";
				PRODUCT_BUNDLE_IDENTIFIER = com.YiSa.MultipleChoiceDemoTests;
				PRODUCT_NAME = "$(TARGET_NAME)";
				TEST_HOST = "$(BUILT_PRODUCTS_DIR)/MultipleChoiceDemo.app/MultipleChoiceDemo";
			};
			name = Debug;
		};
		2F5F69881BD75FB800B19D8B /* Release */ = {
			isa = XCBuildConfiguration;
			buildSettings = {
				BUNDLE_LOADER = "$(TEST_HOST)";
				INFOPLIST_FILE = MultipleChoiceDemoTests/Info.plist;
				LD_RUNPATH_SEARCH_PATHS = "$(inherited) @executable_path/Frameworks @loader_path/Frameworks";
				PRODUCT_BUNDLE_IDENTIFIER = com.YiSa.MultipleChoiceDemoTests;
				PRODUCT_NAME = "$(TARGET_NAME)";
				TEST_HOST = "$(BUILT_PRODUCTS_DIR)/MultipleChoiceDemo.app/MultipleChoiceDemo";
			};
			name = Release;
		};
		2F5F698A1BD75FB800B19D8B /* Debug */ = {
			isa = XCBuildConfiguration;
			buildSettings = {
				INFOPLIST_FILE = MultipleChoiceDemoUITests/Info.plist;
				LD_RUNPATH_SEARCH_PATHS = "$(inherited) @executable_path/Frameworks @loader_path/Frameworks";
				PRODUCT_BUNDLE_IDENTIFIER = com.YiSa.MultipleChoiceDemoUITests;
				PRODUCT_NAME = "$(TARGET_NAME)";
				TEST_TARGET_NAME = MultipleChoiceDemo;
				USES_XCTRUNNER = YES;
			};
			name = Debug;
		};
		2F5F698B1BD75FB800B19D8B /* Release */ = {
			isa = XCBuildConfiguration;
			buildSettings = {
				INFOPLIST_FILE = MultipleChoiceDemoUITests/Info.plist;
				LD_RUNPATH_SEARCH_PATHS = "$(inherited) @executable_path/Frameworks @loader_path/Frameworks";
				PRODUCT_BUNDLE_IDENTIFIER = com.YiSa.MultipleChoiceDemoUITests;
				PRODUCT_NAME = "$(TARGET_NAME)";
				TEST_TARGET_NAME = MultipleChoiceDemo;
				USES_XCTRUNNER = YES;
			};
			name = Release;
		};
/* End XCBuildConfiguration section */

/* Begin XCConfigurationList section */
		2F5F69511BD75FB800B19D8B /* Build configuration list for PBXProject "MultipleChoiceDemo" */ = {
			isa = XCConfigurationList;
			buildConfigurations = (
				2F5F69811BD75FB800B19D8B /* Debug */,
				2F5F69821BD75FB800B19D8B /* Release */,
			);
			defaultConfigurationIsVisible = 0;
			defaultConfigurationName = Release;
		};
		2F5F69831BD75FB800B19D8B /* Build configuration list for PBXNativeTarget "MultipleChoiceDemo" */ = {
			isa = XCConfigurationList;
			buildConfigurations = (
				2F5F69841BD75FB800B19D8B /* Debug */,
				2F5F69851BD75FB800B19D8B /* Release */,
			);
			defaultConfigurationIsVisible = 0;
		};
		2F5F69861BD75FB800B19D8B /* Build configuration list for PBXNativeTarget "MultipleChoiceDemoTests" */ = {
			isa = XCConfigurationList;
			buildConfigurations = (
				2F5F69871BD75FB800B19D8B /* Debug */,
				2F5F69881BD75FB800B19D8B /* Release */,
			);
			defaultConfigurationIsVisible = 0;
		};
		2F5F69891BD75FB800B19D8B /* Build configuration list for PBXNativeTarget "MultipleChoiceDemoUITests" */ = {
			isa = XCConfigurationList;
			buildConfigurations = (
				2F5F698A1BD75FB800B19D8B /* Debug */,
				2F5F698B1BD75FB800B19D8B /* Release */,
			);
			defaultConfigurationIsVisible = 0;
		};
/* End XCConfigurationList section */
	};
	rootObject = 2F5F694E1BD75FB800B19D8B /* Project object */;
}
